
Microsoft Visual Studio Solution File, Format Version 12.00
# Visual Studio 2013
VisualStudioVersion = 12.0.40629.0
MinimumVisualStudioVersion = 10.0.40219.1
Project("{FAE04EC0-301F-11D3-BF4B-00C04F79EFBC}") = "AcmeRemoteFlights.Api", "AcmeRemoteFlights\AcmeRemoteFlights.Api.csproj", "{CEE8E268-168C-4F42-9277-E2A4B6C44FA5}"
EndProject
Project("{FAE04EC0-301F-11D3-BF4B-00C04F79EFBC}") = "AcmeRemoteFlights.Tests", "AcmeRemoteFlights.Tests\AcmeRemoteFlights.Tests.csproj", "{E624B5FC-8F3F-43DA-98D7-BEC8432726F8}"
EndProject
Project("{FAE04EC0-301F-11D3-BF4B-00C04F79EFBC}") = "AcmeRemoteFlights.DataAccess", "AcmeRemoteFlights.DataAccess\AcmeRemoteFlights.DataAccess.csproj", "{8B2B0DFD-9114-4086-B36F-3A0CE58F1BF4}"
EndProject
Project("{2150E333-8FDC-42A3-9474-1A3956D46DE8}") = ".nuget", ".nuget", "{C26A4503-DD45-4409-B534-2136DF5600AD}"
EndProject
Project("{FAE04EC0-301F-11D3-BF4B-00C04F79EFBC}") = "AcmeRemoteFlights.Utility", "AcmeRemoteFlights.Utility\AcmeRemoteFlights.Utility.csproj", "{23A3138C-DAA4-40FB-841F-9ED523E88480}"
EndProject
Project("{FAE04EC0-301F-11D3-BF4B-00C04F79EFBC}") = "AcmeRemoteFlights.Entities", "AcmeRemoteFlights.Entities\AcmeRemoteFlights.Entities.csproj", "{67AD0684-FFBE-4893-9BFC-480572C8E711}"
EndProject
Project("{FAE04EC0-301F-11D3-BF4B-00C04F79EFBC}") = "AcmeRemoteFlights.ViewModel", "AcmeRemoteFlights.ViewModel\AcmeRemoteFlights.ViewModel.csproj", "{DBD4FB06-58B2-480F-BF79-1AFE4197916D}"
EndProject
Project("{FAE04EC0-301F-11D3-BF4B-00C04F79EFBC}") = "AcmeRemoteFlights.Helpers", "AcmeRemoteFlights.Helpers\AcmeRemoteFlights.Helpers.csproj", "{D91A6975-DEDF-49E4-95DF-4B70AA656DB7}"
EndProject
Global
	GlobalSection(SolutionConfigurationPlatforms) = preSolution
		Debug|Any CPU = Debug|Any CPU
		Release|Any CPU = Release|Any CPU
	EndGlobalSection
	GlobalSection(ProjectConfigurationPlatforms) = postSolution
		{CEE8E268-168C-4F42-9277-E2A4B6C44FA5}.Debug|Any CPU.ActiveCfg = Debug|Any CPU
		{CEE8E268-168C-4F42-9277-E2A4B6C44FA5}.Debug|Any CPU.Build.0 = Debug|Any CPU
		{CEE8E268-168C-4F42-9277-E2A4B6C44FA5}.Release|Any CPU.ActiveCfg = Release|Any CPU
		{CEE8E268-168C-4F42-9277-E2A4B6C44FA5}.Release|Any CPU.Build.0 = Release|Any CPU
		{E624B5FC-8F3F-43DA-98D7-BEC8432726F8}.Debug|Any CPU.ActiveCfg = Debug|Any CPU
		{E624B5FC-8F3F-43DA-98D7-BEC8432726F8}.Debug|Any CPU.Build.0 = Debug|Any CPU
		{E624B5FC-8F3F-43DA-98D7-BEC8432726F8}.Release|Any CPU.ActiveCfg = Release|Any CPU
		{E624B5FC-8F3F-43DA-98D7-BEC8432726F8}.Release|Any CPU.Build.0 = Release|Any CPU
		{8B2B0DFD-9114-4086-B36F-3A0CE58F1BF4}.Debug|Any CPU.ActiveCfg = Debug|Any CPU
		{8B2B0DFD-9114-4086-B36F-3A0CE58F1BF4}.Debug|Any CPU.Build.0 = Debug|Any CPU
		{8B2B0DFD-9114-4086-B36F-3A0CE58F1BF4}.Release|Any CPU.ActiveCfg = Release|Any CPU
		{8B2B0DFD-9114-4086-B36F-3A0CE58F1BF4}.Release|Any CPU.Build.0 = Release|Any CPU
		{23A3138C-DAA4-40FB-841F-9ED523E88480}.Debug|Any CPU.ActiveCfg = Debug|Any CPU
		{23A3138C-DAA4-40FB-841F-9ED523E88480}.Debug|Any CPU.Build.0 = Debug|Any CPU
		{23A3138C-DAA4-40FB-841F-9ED523E88480}.Release|Any CPU.ActiveCfg = Release|Any CPU
		{23A3138C-DAA4-40FB-841F-9ED523E88480}.Release|Any CPU.Build.0 = Release|Any CPU
		{67AD0684-FFBE-4893-9BFC-480572C8E711}.Debug|Any CPU.ActiveCfg = Debug|Any CPU
		{67AD0684-FFBE-4893-9BFC-480572C8E711}.Debug|Any CPU.Build.0 = Debug|Any CPU
		{67AD0684-FFBE-4893-9BFC-480572C8E711}.Release|Any CPU.ActiveCfg = Release|Any CPU
		{67AD0684-FFBE-4893-9BFC-480572C8E711}.Release|Any CPU.Build.0 = Release|Any CPU
		{DBD4FB06-58B2-480F-BF79-1AFE4197916D}.Debug|Any CPU.ActiveCfg = Debug|Any CPU
		{DBD4FB06-58B2-480F-BF79-1AFE4197916D}.Debug|Any CPU.Build.0 = Debug|Any CPU
		{DBD4FB06-58B2-480F-BF79-1AFE4197916D}.Release|Any CPU.ActiveCfg = Release|Any CPU
		{DBD4FB06-58B2-480F-BF79-1AFE4197916D}.Release|Any CPU.Build.0 = Release|Any CPU
		{D91A6975-DEDF-49E4-95DF-4B70AA656DB7}.Debug|Any CPU.ActiveCfg = Debug|Any CPU
		{D91A6975-DEDF-49E4-95DF-4B70AA656DB7}.Debug|Any CPU.Build.0 = Debug|Any CPU
		{D91A6975-DEDF-49E4-95DF-4B70AA656DB7}.Release|Any CPU.ActiveCfg = Release|Any CPU
		{D91A6975-DEDF-49E4-95DF-4B70AA656DB7}.Release|Any CPU.Build.0 = Release|Any CPU
	EndGlobalSection
	GlobalSection(SolutionProperties) = preSolution
		HideSolutionNode = FALSE
	EndGlobalSection
EndGlobal
